# This file is autogenerated, do not edit; changes may be undone by the next 'dep ensure'.


[[projects]]
  branch = "master"
  name = "github.com/absolute8511/redigo"
  packages = [
    "internal",
    "redis"
  ]
  revision = "d5cd6073d004f894aedf74c2d01a1bb1b700727b"

[[projects]]
  name = "github.com/spaolacci/murmur3"
  packages = ["."]
  revision = "9f5d223c60793748f04a9d5b4b4eacddfc1f755d"
  version = "v1.1"

[solve-meta]
  analyzer-name = "dep"
  analyzer-version = 1
  inputs-digest = "997a393cd88a0308cabe522c6d9bec32bc90604cfe20093a37287740cde8be11"
  solver-name = "gps-cdcl"
  solver-version = 1
